
Microsoft Visual Studio Solution File, Format Version 12.00
# Visual Studio Version 17
VisualStudioVersion = 17.8.34330.188
MinimumVisualStudioVersion = 10.0.40219.1
Project("{FAE04EC0-301F-11D3-BF4B-00C04F79EFBC}") = "Show and hide a SplitView Pane with MVVM", "Show and hide a SplitView Pane with MVVM.csproj", "{93CC6032-2CA8-4EB1-BFE9-3E5197D7A910}"
EndProject
Global
	GlobalSection(SolutionConfigurationPlatforms) = preSolution
		Debug|Any CPU = Debug|Any CPU
		Release|Any CPU = Release|Any CPU
	EndGlobalSection
	GlobalSection(ProjectConfigurationPlatforms) = postSolution
		{93CC6032-2CA8-4EB1-BFE9-3E5197D7A910}.Debug|Any CPU.ActiveCfg = Debug|Any CPU
		{93CC6032-2CA8-4EB1-BFE9-3E5197D7A910}.Debug|Any CPU.Build.0 = Debug|Any CPU
		{93CC6032-2CA8-4EB1-BFE9-3E5197D7A910}.Release|Any CPU.ActiveCfg = Release|Any CPU
		{93CC6032-2CA8-4EB1-BFE9-3E5197D7A910}.Release|Any CPU.Build.0 = Release|Any CPU
	EndGlobalSection
	GlobalSection(SolutionProperties) = preSolution
		HideSolutionNode = FALSE
	EndGlobalSection
	GlobalSection(ExtensibilityGlobals) = postSolution
		SolutionGuid = {5F5BE49A-11D8-40D6-819A-5B9CD63BB343}
	EndGlobalSection
EndGlobal
