
Microsoft Visual Studio Solution File, Format Version 12.00
# Visual Studio Version 17
VisualStudioVersion = 17.2.32616.157
MinimumVisualStudioVersion = 10.0.40219.1
Project("{2150E333-8FDC-42A3-9474-1A3956D46DE8}") = "MVVM", "MVVM", "{932FD4A5-FCE7-4428-A0C1-C0392D90A21A}"
EndProject
Project("{9A19103F-16F7-4668-BE54-9A1E7A4F7556}") = "BasicMvvmSample", "MVVM\BasicMvvmSample\BasicMvvmSample.csproj", "{A7E12C60-7F8F-49AB-9B1F-851D570BC87F}"
EndProject
Project("{9A19103F-16F7-4668-BE54-9A1E7A4F7556}") = "ValueConversionSample", "MVVM\ValueConversionSample\ValueConversionSample.csproj", "{7FCB28EF-4191-4827-9BF0-F8D0650926D7}"
EndProject
Project("{9A19103F-16F7-4668-BE54-9A1E7A4F7556}") = "CommandSample", "MVVM\CommandSample\CommandSample.csproj", "{F747AA9D-F05E-4ADE-989A-86772A9337D4}"
EndProject
Project("{9A19103F-16F7-4668-BE54-9A1E7A4F7556}") = "BasicDataTemplateSample", "DataTemplates\BasicDataTemplateSample\BasicDataTemplateSample.csproj", "{D2C949CB-070D-4F3D-B8DE-0DA384793FFA}"
EndProject
Project("{2150E333-8FDC-42A3-9474-1A3956D46DE8}") = "DataTemplates", "DataTemplates", "{C4E891B3-8A34-4BF1-9A15-03C2D5D57A03}"
EndProject
Project("{FAE04EC0-301F-11D3-BF4B-00C04F79EFBC}") = "FuncDataTemplateSample", "DataTemplates\FuncDataTemplateSample\FuncDataTemplateSample.csproj", "{701DA0D4-E337-4D06-A70F-8093EF90F760}"
EndProject
Global
	GlobalSection(SolutionConfigurationPlatforms) = preSolution
		Debug|Any CPU = Debug|Any CPU
		Release|Any CPU = Release|Any CPU
	EndGlobalSection
	GlobalSection(ProjectConfigurationPlatforms) = postSolution
		{A7E12C60-7F8F-49AB-9B1F-851D570BC87F}.Debug|Any CPU.ActiveCfg = Debug|Any CPU
		{A7E12C60-7F8F-49AB-9B1F-851D570BC87F}.Debug|Any CPU.Build.0 = Debug|Any CPU
		{A7E12C60-7F8F-49AB-9B1F-851D570BC87F}.Release|Any CPU.ActiveCfg = Release|Any CPU
		{A7E12C60-7F8F-49AB-9B1F-851D570BC87F}.Release|Any CPU.Build.0 = Release|Any CPU
		{7FCB28EF-4191-4827-9BF0-F8D0650926D7}.Debug|Any CPU.ActiveCfg = Debug|Any CPU
		{7FCB28EF-4191-4827-9BF0-F8D0650926D7}.Debug|Any CPU.Build.0 = Debug|Any CPU
		{7FCB28EF-4191-4827-9BF0-F8D0650926D7}.Release|Any CPU.ActiveCfg = Release|Any CPU
		{7FCB28EF-4191-4827-9BF0-F8D0650926D7}.Release|Any CPU.Build.0 = Release|Any CPU
		{F747AA9D-F05E-4ADE-989A-86772A9337D4}.Debug|Any CPU.ActiveCfg = Debug|Any CPU
		{F747AA9D-F05E-4ADE-989A-86772A9337D4}.Debug|Any CPU.Build.0 = Debug|Any CPU
		{F747AA9D-F05E-4ADE-989A-86772A9337D4}.Release|Any CPU.ActiveCfg = Release|Any CPU
		{F747AA9D-F05E-4ADE-989A-86772A9337D4}.Release|Any CPU.Build.0 = Release|Any CPU
		{D2C949CB-070D-4F3D-B8DE-0DA384793FFA}.Debug|Any CPU.ActiveCfg = Debug|Any CPU
		{D2C949CB-070D-4F3D-B8DE-0DA384793FFA}.Debug|Any CPU.Build.0 = Debug|Any CPU
		{D2C949CB-070D-4F3D-B8DE-0DA384793FFA}.Release|Any CPU.ActiveCfg = Release|Any CPU
		{D2C949CB-070D-4F3D-B8DE-0DA384793FFA}.Release|Any CPU.Build.0 = Release|Any CPU
		{701DA0D4-E337-4D06-A70F-8093EF90F760}.Debug|Any CPU.ActiveCfg = Debug|Any CPU
		{701DA0D4-E337-4D06-A70F-8093EF90F760}.Debug|Any CPU.Build.0 = Debug|Any CPU
		{701DA0D4-E337-4D06-A70F-8093EF90F760}.Release|Any CPU.ActiveCfg = Release|Any CPU
		{701DA0D4-E337-4D06-A70F-8093EF90F760}.Release|Any CPU.Build.0 = Release|Any CPU
	EndGlobalSection
	GlobalSection(SolutionProperties) = preSolution
		HideSolutionNode = FALSE
	EndGlobalSection
	GlobalSection(NestedProjects) = preSolution
		{A7E12C60-7F8F-49AB-9B1F-851D570BC87F} = {932FD4A5-FCE7-4428-A0C1-C0392D90A21A}
		{7FCB28EF-4191-4827-9BF0-F8D0650926D7} = {932FD4A5-FCE7-4428-A0C1-C0392D90A21A}
		{F747AA9D-F05E-4ADE-989A-86772A9337D4} = {932FD4A5-FCE7-4428-A0C1-C0392D90A21A}
		{D2C949CB-070D-4F3D-B8DE-0DA384793FFA} = {C4E891B3-8A34-4BF1-9A15-03C2D5D57A03}
		{701DA0D4-E337-4D06-A70F-8093EF90F760} = {C4E891B3-8A34-4BF1-9A15-03C2D5D57A03}
	EndGlobalSection
	GlobalSection(ExtensibilityGlobals) = postSolution
		SolutionGuid = {C246CAB0-0837-4EE4-A22D-28B3C74930B4}
	EndGlobalSection
EndGlobal
