Microsoft Visual Studio Solution File, Format Version 12.00
# Visual Studio Version 17
VisualStudioVersion = 17.2.32616.157
MinimumVisualStudioVersion = 10.0.40219.1
Project("{2150E333-8FDC-42A3-9474-1A3956D46DE8}") = "MVVM", "MVVM", "{932FD4A5-FCE7-4428-A0C1-C0392D90A21A}"
EndProject
Project("{9A19103F-16F7-4668-BE54-9A1E7A4F7556}") = "BasicMvvmSample", "MVVM\BasicMvvmSample\BasicMvvmSample.csproj", "{A7E12C60-7F8F-49AB-9B1F-851D570BC87F}"
EndProject
Project("{9A19103F-16F7-4668-BE54-9A1E7A4F7556}") = "ValueConversionSample", "MVVM\ValueConversionSample\ValueConversionSample.csproj", "{7FCB28EF-4191-4827-9BF0-F8D0650926D7}"
EndProject
Project("{9A19103F-16F7-4668-BE54-9A1E7A4F7556}") = "CommandSample", "MVVM\CommandSample\CommandSample.csproj", "{F747AA9D-F05E-4ADE-989A-86772A9337D4}"
EndProject
Project("{9A19103F-16F7-4668-BE54-9A1E7A4F7556}") = "BasicDataTemplateSample", "DataTemplates\BasicDataTemplateSample\BasicDataTemplateSample.csproj", "{D2C949CB-070D-4F3D-B8DE-0DA384793FFA}"
EndProject
Project("{2150E333-8FDC-42A3-9474-1A3956D46DE8}") = "DataTemplates", "DataTemplates", "{C4E891B3-8A34-4BF1-9A15-03C2D5D57A03}"
EndProject
Project("{9A19103F-16F7-4668-BE54-9A1E7A4F7556}") = "FuncDataTemplateSample", "DataTemplates\FuncDataTemplateSample\FuncDataTemplateSample.csproj", "{701DA0D4-E337-4D06-A70F-8093EF90F760}"
EndProject
Project("{9A19103F-16F7-4668-BE54-9A1E7A4F7556}") = "IDataTemplateSample", "DataTemplates\IDataTemplateSample\IDataTemplateSample.csproj", "{061330EE-8517-4198-A531-9091BCA9A5D5}"
EndProject
Project("{2150E333-8FDC-42A3-9474-1A3956D46DE8}") = "Routing", "Routing", "{23EBCED8-2525-4071-9F7A-348BEBA33E21}"
EndProject
Project("{9A19103F-16F7-4668-BE54-9A1E7A4F7556}") = "BasicViewLocatorSample", "Routing\BasicViewLocatorSample\BasicViewLocatorSample.csproj", "{84C1CD28-18C8-45E0-99BD-CE92BCFA8D15}"
EndProject
Project("{9A19103F-16F7-4668-BE54-9A1E7A4F7556}") = "ValidationSample", "MVVM\ValidationSample\ValidationSample.csproj", "{53239038-E234-4DEF-B730-953B2F43B51E}"
EndProject
Project("{9A19103F-16F7-4668-BE54-9A1E7A4F7556}") = "RatingControlSample", "CustomControls\RatingControlSample\RatingControlSample.csproj", "{CC74DC68-A0A5-40A2-9A4D-CF110685D8C4}"
EndProject
Project("{2150E333-8FDC-42A3-9474-1A3956D46DE8}") = "CustomControls", "CustomControls", "{92C71AA7-E791-40C0-9F3A-2A85880B0439}"
EndProject
Project("{2150E333-8FDC-42A3-9474-1A3956D46DE8}") = "Drawing", "Drawing", "{D02161B3-8242-4BF5-96E9-780465A5023B}"
EndProject
Project("{9A19103F-16F7-4668-BE54-9A1E7A4F7556}") = "BattleCity", "Drawing\BattleCity\BattleCity.csproj", "{17F36A0B-940E-49DB-B5B5-38C38E0947EE}"
EndProject
Project("{2150E333-8FDC-42A3-9474-1A3956D46DE8}") = "Solution Folder", "Solution Folder", "{97333855-9EDC-45E0-B4DF-ED492C25FF62}"
	ProjectSection(SolutionItems) = preProject
		..\..\README.adoc = ..\..\README.adoc
	EndProjectSection
EndProject
Project("{9A19103F-16F7-4668-BE54-9A1E7A4F7556}") = "MvvmDialogSample", "ViewInteraction\MvvmDialogSample\MvvmDialogSample.csproj", "{48432457-6A55-4D03-9D40-260CE8E06440}"
EndProject
Project("{9A19103F-16F7-4668-BE54-9A1E7A4F7556}") = "DialogManagerSample", "ViewInteraction\DialogManagerSample\DialogManagerSample.csproj", "{0BC90E92-D8B3-4C6D-8C47-BAF57CD73CBA}"
EndProject
Project("{2150E333-8FDC-42A3-9474-1A3956D46DE8}") = "Testing", "Testing", "{85B157B3-F701-4F75-B4F1-EC2287729480}"
EndProject
Project("{9A19103F-16F7-4668-BE54-9A1E7A4F7556}") = "TestableApp", "Testing\TestableApp\TestableApp.csproj", "{326EF526-6200-4570-90DE-5E6D48B63EAC}"
EndProject
Project("{9A19103F-16F7-4668-BE54-9A1E7A4F7556}") = "TestableApp.Headless.NUnit", "Testing\TestableApp.Headless.NUnit\TestableApp.Headless.NUnit.csproj", "{B8CB5C57-07ED-4BC6-ACE8-F05E428E3EB5}"
EndProject
Project("{9A19103F-16F7-4668-BE54-9A1E7A4F7556}") = "TestableApp.Headless.XUnit", "Testing\TestableApp.Headless.XUnit\TestableApp.Headless.XUnit.csproj", "{BDA7536E-26FD-436F-AAC8-F8A2B500548E}"
EndProject
Project("{9A19103F-16F7-4668-BE54-9A1E7A4F7556}") = "TestableApp.Appium", "Testing\TestableApp.Appium\TestableApp.Appium.csproj", "{F5CB3DA2-EB59-4792-A1B3-49F600F7C130}"
EndProject
Project("{2150E333-8FDC-42A3-9474-1A3956D46DE8}") = "ViewInteraction", "ViewInteraction", "{2E99F15F-A82A-4734-A837-C0F768702600}"
EndProject
Project("{2150E333-8FDC-42A3-9474-1A3956D46DE8}") = "CompleteApps", "CompleteApps", "{50FCF785-BBCF-4AFE-AC72-79EA9E92C43A}"
EndProject
Project("{FAE04EC0-301F-11D3-BF4B-00C04F79EFBC}") = "SimpleToDoList", "CompleteApps\SimpleToDoList\SimpleToDoList.csproj", "{7D75B38A-304C-44DE-AC2F-8A461C7FC889}"
EndProject
Project("{9A19103F-16F7-4668-BE54-9A1E7A4F7556}") = "RectPainter", "Drawing\RectPainter\RectPainter.csproj", "{2B746401-384F-484A-810E-7A65288165E0}"
EndProject
Project("{FAE04EC0-301F-11D3-BF4B-00C04F79EFBC}") = "TrayIcon", "DesktopIntegration\TrayIcon\TrayIcon.csproj", "{EB8D1498-2528-4FE5-B2B0-515293A8880C}"
EndProject
Global
	GlobalSection(SolutionConfigurationPlatforms) = preSolution
		Debug|Any CPU = Debug|Any CPU
		Release|Any CPU = Release|Any CPU
	EndGlobalSection
	GlobalSection(ProjectConfigurationPlatforms) = postSolution
		{A7E12C60-7F8F-49AB-9B1F-851D570BC87F}.Debug|Any CPU.ActiveCfg = Debug|Any CPU
		{A7E12C60-7F8F-49AB-9B1F-851D570BC87F}.Debug|Any CPU.Build.0 = Debug|Any CPU
		{A7E12C60-7F8F-49AB-9B1F-851D570BC87F}.Release|Any CPU.ActiveCfg = Release|Any CPU
		{A7E12C60-7F8F-49AB-9B1F-851D570BC87F}.Release|Any CPU.Build.0 = Release|Any CPU
		{7FCB28EF-4191-4827-9BF0-F8D0650926D7}.Debug|Any CPU.ActiveCfg = Debug|Any CPU
		{7FCB28EF-4191-4827-9BF0-F8D0650926D7}.Debug|Any CPU.Build.0 = Debug|Any CPU
		{7FCB28EF-4191-4827-9BF0-F8D0650926D7}.Release|Any CPU.ActiveCfg = Release|Any CPU
		{7FCB28EF-4191-4827-9BF0-F8D0650926D7}.Release|Any CPU.Build.0 = Release|Any CPU
		{F747AA9D-F05E-4ADE-989A-86772A9337D4}.Debug|Any CPU.ActiveCfg = Debug|Any CPU
		{F747AA9D-F05E-4ADE-989A-86772A9337D4}.Debug|Any CPU.Build.0 = Debug|Any CPU
		{F747AA9D-F05E-4ADE-989A-86772A9337D4}.Release|Any CPU.ActiveCfg = Release|Any CPU
		{F747AA9D-F05E-4ADE-989A-86772A9337D4}.Release|Any CPU.Build.0 = Release|Any CPU
		{D2C949CB-070D-4F3D-B8DE-0DA384793FFA}.Debug|Any CPU.ActiveCfg = Debug|Any CPU
		{D2C949CB-070D-4F3D-B8DE-0DA384793FFA}.Debug|Any CPU.Build.0 = Debug|Any CPU
		{D2C949CB-070D-4F3D-B8DE-0DA384793FFA}.Release|Any CPU.ActiveCfg = Release|Any CPU
		{D2C949CB-070D-4F3D-B8DE-0DA384793FFA}.Release|Any CPU.Build.0 = Release|Any CPU
		{701DA0D4-E337-4D06-A70F-8093EF90F760}.Debug|Any CPU.ActiveCfg = Debug|Any CPU
		{701DA0D4-E337-4D06-A70F-8093EF90F760}.Debug|Any CPU.Build.0 = Debug|Any CPU
		{701DA0D4-E337-4D06-A70F-8093EF90F760}.Release|Any CPU.ActiveCfg = Release|Any CPU
		{701DA0D4-E337-4D06-A70F-8093EF90F760}.Release|Any CPU.Build.0 = Release|Any CPU
		{061330EE-8517-4198-A531-9091BCA9A5D5}.Debug|Any CPU.ActiveCfg = Debug|Any CPU
		{061330EE-8517-4198-A531-9091BCA9A5D5}.Debug|Any CPU.Build.0 = Debug|Any CPU
		{061330EE-8517-4198-A531-9091BCA9A5D5}.Release|Any CPU.ActiveCfg = Release|Any CPU
		{061330EE-8517-4198-A531-9091BCA9A5D5}.Release|Any CPU.Build.0 = Release|Any CPU
		{84C1CD28-18C8-45E0-99BD-CE92BCFA8D15}.Debug|Any CPU.ActiveCfg = Debug|Any CPU
		{84C1CD28-18C8-45E0-99BD-CE92BCFA8D15}.Debug|Any CPU.Build.0 = Debug|Any CPU
		{84C1CD28-18C8-45E0-99BD-CE92BCFA8D15}.Release|Any CPU.ActiveCfg = Release|Any CPU
		{84C1CD28-18C8-45E0-99BD-CE92BCFA8D15}.Release|Any CPU.Build.0 = Release|Any CPU
		{53239038-E234-4DEF-B730-953B2F43B51E}.Debug|Any CPU.ActiveCfg = Debug|Any CPU
		{53239038-E234-4DEF-B730-953B2F43B51E}.Debug|Any CPU.Build.0 = Debug|Any CPU
		{53239038-E234-4DEF-B730-953B2F43B51E}.Release|Any CPU.ActiveCfg = Release|Any CPU
		{53239038-E234-4DEF-B730-953B2F43B51E}.Release|Any CPU.Build.0 = Release|Any CPU
		{CC74DC68-A0A5-40A2-9A4D-CF110685D8C4}.Debug|Any CPU.ActiveCfg = Debug|Any CPU
		{CC74DC68-A0A5-40A2-9A4D-CF110685D8C4}.Debug|Any CPU.Build.0 = Debug|Any CPU
		{CC74DC68-A0A5-40A2-9A4D-CF110685D8C4}.Release|Any CPU.ActiveCfg = Release|Any CPU
		{CC74DC68-A0A5-40A2-9A4D-CF110685D8C4}.Release|Any CPU.Build.0 = Release|Any CPU
		{17F36A0B-940E-49DB-B5B5-38C38E0947EE}.Debug|Any CPU.ActiveCfg = Debug|Any CPU
		{17F36A0B-940E-49DB-B5B5-38C38E0947EE}.Debug|Any CPU.Build.0 = Debug|Any CPU
		{17F36A0B-940E-49DB-B5B5-38C38E0947EE}.Release|Any CPU.ActiveCfg = Release|Any CPU
		{17F36A0B-940E-49DB-B5B5-38C38E0947EE}.Release|Any CPU.Build.0 = Release|Any CPU
		{48432457-6A55-4D03-9D40-260CE8E06440}.Debug|Any CPU.ActiveCfg = Debug|Any CPU
		{48432457-6A55-4D03-9D40-260CE8E06440}.Debug|Any CPU.Build.0 = Debug|Any CPU
		{48432457-6A55-4D03-9D40-260CE8E06440}.Release|Any CPU.ActiveCfg = Release|Any CPU
		{48432457-6A55-4D03-9D40-260CE8E06440}.Release|Any CPU.Build.0 = Release|Any CPU
		{0BC90E92-D8B3-4C6D-8C47-BAF57CD73CBA}.Debug|Any CPU.ActiveCfg = Debug|Any CPU
		{0BC90E92-D8B3-4C6D-8C47-BAF57CD73CBA}.Debug|Any CPU.Build.0 = Debug|Any CPU
		{0BC90E92-D8B3-4C6D-8C47-BAF57CD73CBA}.Release|Any CPU.ActiveCfg = Release|Any CPU
		{0BC90E92-D8B3-4C6D-8C47-BAF57CD73CBA}.Release|Any CPU.Build.0 = Release|Any CPU
		{326EF526-6200-4570-90DE-5E6D48B63EAC}.Debug|Any CPU.ActiveCfg = Debug|Any CPU
		{326EF526-6200-4570-90DE-5E6D48B63EAC}.Debug|Any CPU.Build.0 = Debug|Any CPU
		{326EF526-6200-4570-90DE-5E6D48B63EAC}.Release|Any CPU.ActiveCfg = Release|Any CPU
		{326EF526-6200-4570-90DE-5E6D48B63EAC}.Release|Any CPU.Build.0 = Release|Any CPU
		{B8CB5C57-07ED-4BC6-ACE8-F05E428E3EB5}.Debug|Any CPU.ActiveCfg = Debug|Any CPU
		{B8CB5C57-07ED-4BC6-ACE8-F05E428E3EB5}.Debug|Any CPU.Build.0 = Debug|Any CPU
		{B8CB5C57-07ED-4BC6-ACE8-F05E428E3EB5}.Release|Any CPU.ActiveCfg = Release|Any CPU
		{B8CB5C57-07ED-4BC6-ACE8-F05E428E3EB5}.Release|Any CPU.Build.0 = Release|Any CPU
		{BDA7536E-26FD-436F-AAC8-F8A2B500548E}.Debug|Any CPU.ActiveCfg = Debug|Any CPU
		{BDA7536E-26FD-436F-AAC8-F8A2B500548E}.Debug|Any CPU.Build.0 = Debug|Any CPU
		{BDA7536E-26FD-436F-AAC8-F8A2B500548E}.Release|Any CPU.ActiveCfg = Release|Any CPU
		{BDA7536E-26FD-436F-AAC8-F8A2B500548E}.Release|Any CPU.Build.0 = Release|Any CPU
		{F5CB3DA2-EB59-4792-A1B3-49F600F7C130}.Debug|Any CPU.ActiveCfg = Debug|Any CPU
		{F5CB3DA2-EB59-4792-A1B3-49F600F7C130}.Debug|Any CPU.Build.0 = Debug|Any CPU
		{F5CB3DA2-EB59-4792-A1B3-49F600F7C130}.Release|Any CPU.ActiveCfg = Release|Any CPU
		{F5CB3DA2-EB59-4792-A1B3-49F600F7C130}.Release|Any CPU.Build.0 = Release|Any CPU
		{7D75B38A-304C-44DE-AC2F-8A461C7FC889}.Debug|Any CPU.ActiveCfg = Debug|Any CPU
		{7D75B38A-304C-44DE-AC2F-8A461C7FC889}.Debug|Any CPU.Build.0 = Debug|Any CPU
		{7D75B38A-304C-44DE-AC2F-8A461C7FC889}.Release|Any CPU.ActiveCfg = Release|Any CPU
		{7D75B38A-304C-44DE-AC2F-8A461C7FC889}.Release|Any CPU.Build.0 = Release|Any CPU
		{2B746401-384F-484A-810E-7A65288165E0}.Debug|Any CPU.ActiveCfg = Debug|Any CPU
		{2B746401-384F-484A-810E-7A65288165E0}.Debug|Any CPU.Build.0 = Debug|Any CPU
		{2B746401-384F-484A-810E-7A65288165E0}.Release|Any CPU.ActiveCfg = Release|Any CPU
		{2B746401-384F-484A-810E-7A65288165E0}.Release|Any CPU.Build.0 = Release|Any CPU
		{EB8D1498-2528-4FE5-B2B0-515293A8880C}.Debug|Any CPU.ActiveCfg = Debug|Any CPU
		{EB8D1498-2528-4FE5-B2B0-515293A8880C}.Debug|Any CPU.Build.0 = Debug|Any CPU
		{EB8D1498-2528-4FE5-B2B0-515293A8880C}.Release|Any CPU.ActiveCfg = Release|Any CPU
		{EB8D1498-2528-4FE5-B2B0-515293A8880C}.Release|Any CPU.Build.0 = Release|Any CPU
	EndGlobalSection
	GlobalSection(SolutionProperties) = preSolution
		HideSolutionNode = FALSE
	EndGlobalSection
	GlobalSection(NestedProjects) = preSolution
		{A7E12C60-7F8F-49AB-9B1F-851D570BC87F} = {932FD4A5-FCE7-4428-A0C1-C0392D90A21A}
		{7FCB28EF-4191-4827-9BF0-F8D0650926D7} = {932FD4A5-FCE7-4428-A0C1-C0392D90A21A}
		{F747AA9D-F05E-4ADE-989A-86772A9337D4} = {932FD4A5-FCE7-4428-A0C1-C0392D90A21A}
		{D2C949CB-070D-4F3D-B8DE-0DA384793FFA} = {C4E891B3-8A34-4BF1-9A15-03C2D5D57A03}
		{701DA0D4-E337-4D06-A70F-8093EF90F760} = {C4E891B3-8A34-4BF1-9A15-03C2D5D57A03}
		{061330EE-8517-4198-A531-9091BCA9A5D5} = {C4E891B3-8A34-4BF1-9A15-03C2D5D57A03}
		{84C1CD28-18C8-45E0-99BD-CE92BCFA8D15} = {23EBCED8-2525-4071-9F7A-348BEBA33E21}
		{53239038-E234-4DEF-B730-953B2F43B51E} = {932FD4A5-FCE7-4428-A0C1-C0392D90A21A}
		{CC74DC68-A0A5-40A2-9A4D-CF110685D8C4} = {92C71AA7-E791-40C0-9F3A-2A85880B0439}
		{17F36A0B-940E-49DB-B5B5-38C38E0947EE} = {D02161B3-8242-4BF5-96E9-780465A5023B}
		{48432457-6A55-4D03-9D40-260CE8E06440} = {2E99F15F-A82A-4734-A837-C0F768702600}
		{0BC90E92-D8B3-4C6D-8C47-BAF57CD73CBA} = {2E99F15F-A82A-4734-A837-C0F768702600}
		{326EF526-6200-4570-90DE-5E6D48B63EAC} = {85B157B3-F701-4F75-B4F1-EC2287729480}
		{B8CB5C57-07ED-4BC6-ACE8-F05E428E3EB5} = {85B157B3-F701-4F75-B4F1-EC2287729480}
		{BDA7536E-26FD-436F-AAC8-F8A2B500548E} = {85B157B3-F701-4F75-B4F1-EC2287729480}
		{F5CB3DA2-EB59-4792-A1B3-49F600F7C130} = {85B157B3-F701-4F75-B4F1-EC2287729480}
		{48432457-6A55-4D03-9D40-260CE8E06440} = {2E99F15F-A82A-4734-A837-C0F768702600}
		{0BC90E92-D8B3-4C6D-8C47-BAF57CD73CBA} = {2E99F15F-A82A-4734-A837-C0F768702600}
		{7D75B38A-304C-44DE-AC2F-8A461C7FC889} = {50FCF785-BBCF-4AFE-AC72-79EA9E92C43A}
		{2B746401-384F-484A-810E-7A65288165E0} = {D02161B3-8242-4BF5-96E9-780465A5023B}
	EndGlobalSection
	GlobalSection(ExtensibilityGlobals) = postSolution
		SolutionGuid = {C246CAB0-0837-4EE4-A22D-28B3C74930B4}
	EndGlobalSection
EndGlobal
