
Microsoft Visual Studio Solution File, Format Version 12.00
# Visual Studio Version 17
VisualStudioVersion = 17.2.32616.157
MinimumVisualStudioVersion = 10.0.40219.1
Project("{2150E333-8FDC-42A3-9474-1A3956D46DE8}") = "MVVM", "MVVM", "{932FD4A5-FCE7-4428-A0C1-C0392D90A21A}"
EndProject
Project("{FAE04EC0-301F-11D3-BF4B-00C04F79EFBC}") = "BasicMvvmSample", "MVVM\BasicMvvmSample\BasicMvvmSample.csproj", "{A7E12C60-7F8F-49AB-9B1F-851D570BC87F}"
EndProject
Global
	GlobalSection(SolutionConfigurationPlatforms) = preSolution
		Debug|Any CPU = Debug|Any CPU
		Release|Any CPU = Release|Any CPU
	EndGlobalSection
	GlobalSection(ProjectConfigurationPlatforms) = postSolution
		{A7E12C60-7F8F-49AB-9B1F-851D570BC87F}.Debug|Any CPU.ActiveCfg = Debug|Any CPU
		{A7E12C60-7F8F-49AB-9B1F-851D570BC87F}.Debug|Any CPU.Build.0 = Debug|Any CPU
		{A7E12C60-7F8F-49AB-9B1F-851D570BC87F}.Release|Any CPU.ActiveCfg = Release|Any CPU
		{A7E12C60-7F8F-49AB-9B1F-851D570BC87F}.Release|Any CPU.Build.0 = Release|Any CPU
	EndGlobalSection
	GlobalSection(SolutionProperties) = preSolution
		HideSolutionNode = FALSE
	EndGlobalSection
	GlobalSection(NestedProjects) = preSolution
		{A7E12C60-7F8F-49AB-9B1F-851D570BC87F} = {932FD4A5-FCE7-4428-A0C1-C0392D90A21A}
	EndGlobalSection
	GlobalSection(ExtensibilityGlobals) = postSolution
		SolutionGuid = {C246CAB0-0837-4EE4-A22D-28B3C74930B4}
	EndGlobalSection
EndGlobal
